
Microsoft Visual Studio Solution File, Format Version 12.00
# Visual Studio Version 16
VisualStudioVersion = 16.0.30002.166
MinimumVisualStudioVersion = 10.0.40219.1
Project("{FAE04EC0-301F-11D3-BF4B-00C04F79EFBC}") = "Homework", "Homework\Homework.csproj", "{F4DF92FA-F321-4FB5-8B94-9DC6FDD8EB0F}"
EndProject
Global
	GlobalSection(SolutionConfigurationPlatforms) = preSolution
		Debug|Any CPU = Debug|Any CPU
		Release|Any CPU = Release|Any CPU
	EndGlobalSection
	GlobalSection(ProjectConfigurationPlatforms) = postSolution
		{F4DF92FA-F321-4FB5-8B94-9DC6FDD8EB0F}.Debug|Any CPU.ActiveCfg = Debug|Any CPU
		{F4DF92FA-F321-4FB5-8B94-9DC6FDD8EB0F}.Debug|Any CPU.Build.0 = Debug|Any CPU
		{F4DF92FA-F321-4FB5-8B94-9DC6FDD8EB0F}.Release|Any CPU.ActiveCfg = Release|Any CPU
		{F4DF92FA-F321-4FB5-8B94-9DC6FDD8EB0F}.Release|Any CPU.Build.0 = Release|Any CPU
	EndGlobalSection
	GlobalSection(SolutionProperties) = preSolution
		HideSolutionNode = FALSE
	EndGlobalSection
	GlobalSection(ExtensibilityGlobals) = postSolution
		SolutionGuid = {BF22BE5E-80DA-4257-8258-E3AD8D7697EF}
	EndGlobalSection
EndGlobal
